
Microsoft Visual Studio Solution File, Format Version 12.00
# Visual Studio Version 17
VisualStudioVersion = 17.0.31903.59
MinimumVisualStudioVersion = 10.0.40219.1
Project("{FAE04EC0-301F-11D3-BF4B-00C04F79EFBC}") = "truco", "truco\truco.csproj", "{1AA65BE6-8D5E-41F9-9A21-B4E2D7FFBBB4}"
EndProject
Global
	GlobalSection(SolutionConfigurationPlatforms) = preSolution
		Debug|Any CPU = Debug|Any CPU
		Release|Any CPU = Release|Any CPU
	EndGlobalSection
	GlobalSection(SolutionProperties) = preSolution
		HideSolutionNode = FALSE
	EndGlobalSection
	GlobalSection(ProjectConfigurationPlatforms) = postSolution
		{1AA65BE6-8D5E-41F9-9A21-B4E2D7FFBBB4}.Debug|Any CPU.ActiveCfg = Debug|Any CPU
		{1AA65BE6-8D5E-41F9-9A21-B4E2D7FFBBB4}.Debug|Any CPU.Build.0 = Debug|Any CPU
		{1AA65BE6-8D5E-41F9-9A21-B4E2D7FFBBB4}.Release|Any CPU.ActiveCfg = Release|Any CPU
		{1AA65BE6-8D5E-41F9-9A21-B4E2D7FFBBB4}.Release|Any CPU.Build.0 = Release|Any CPU
	EndGlobalSection
EndGlobal
